// !$*UTF8*$!
{
	archiveVersion = 1;
	classes = {
	};
	objectVersion = 48;
	objects = {

/* Begin PBXBuildFile section */
		045068147F88885EF60EB7EA /* libPods-BabyLearning.a in Frameworks */ = {isa = PBXBuildFile; fileRef = 39C16FDB5EE5E8DBF38271D5 /* libPods-BabyLearning.a */; };
		44135CF81FA34E8700F77A8F /* AppDelegate.m in Sources */ = {isa = PBXBuildFile; fileRef = 44135CF71FA34E8700F77A8F /* AppDelegate.m */; };
		44135CFE1FA34E8800F77A8F /* Main.storyboard in Resources */ = {isa = PBXBuildFile; fileRef = 44135CFC1FA34E8800F77A8F /* Main.storyboard */; };
		44135D001FA34E8800F77A8F /* Assets.xcassets in Resources */ = {isa = PBXBuildFile; fileRef = 44135CFF1FA34E8800F77A8F /* Assets.xcassets */; };
		44135D031FA34E8800F77A8F /* LaunchScreen.storyboard in Resources */ = {isa = PBXBuildFile; fileRef = 44135D011FA34E8800F77A8F /* LaunchScreen.storyboard */; };
		44135D061FA34E8800F77A8F /* main.m in Sources */ = {isa = PBXBuildFile; fileRef = 44135D051FA34E8800F77A8F /* main.m */; };
		44135D151FA34FFC00F77A8F /* UIImage+Utils.m in Sources */ = {isa = PBXBuildFile; fileRef = 44135D131FA34FFC00F77A8F /* UIImage+Utils.m */; };
		44135D1B1FA3523500F77A8F /* KEBaseViewController.m in Sources */ = {isa = PBXBuildFile; fileRef = 44135D1A1FA3523500F77A8F /* KEBaseViewController.m */; };
		44135D1E1FA3537200F77A8F /* KENavigationController.m in Sources */ = {isa = PBXBuildFile; fileRef = 44135D1D1FA3537200F77A8F /* KENavigationController.m */; };
		44135D221FA3557B00F77A8F /* KEMainViewController.m in Sources */ = {isa = PBXBuildFile; fileRef = 44135D211FA3557B00F77A8F /* KEMainViewController.m */; };
		44135D251FA357A100F77A8F /* KETestView.m in Sources */ = {isa = PBXBuildFile; fileRef = 44135D241FA357A100F77A8F /* KETestView.m */; };
		E845B93B1FA40EEE0007DEE1 /* MobileNet.mlmodel in Sources */ = {isa = PBXBuildFile; fileRef = E845B9381FA40EEE0007DEE1 /* MobileNet.mlmodel */; };
		E845B93C1FA40EEE0007DEE1 /* GoogLeNetPlaces.mlmodel in Sources */ = {isa = PBXBuildFile; fileRef = E845B9391FA40EEE0007DEE1 /* GoogLeNetPlaces.mlmodel */; };
		E845B93D1FA40EEE0007DEE1 /* Inceptionv3.mlmodel in Sources */ = {isa = PBXBuildFile; fileRef = E845B93A1FA40EEE0007DEE1 /* Inceptionv3.mlmodel */; };
/* End PBXBuildFile section */

/* Begin PBXFileReference section */
		1561079F0D3A7A905292ADE5 /* Pods-BabyLearning.debug.xcconfig */ = {isa = PBXFileReference; includeInIndex = 1; lastKnownFileType = text.xcconfig; name = "Pods-BabyLearning.debug.xcconfig"; path = "Pods/Target Support Files/Pods-BabyLearning/Pods-BabyLearning.debug.xcconfig"; sourceTree = "<group>"; };
		39C16FDB5EE5E8DBF38271D5 /* libPods-BabyLearning.a */ = {isa = PBXFileReference; explicitFileType = archive.ar; includeInIndex = 0; path = "libPods-BabyLearning.a"; sourceTree = BUILT_PRODUCTS_DIR; };
		44135CF31FA34E8700F77A8F /* BabyLearning.app */ = {isa = PBXFileReference; explicitFileType = wrapper.application; includeInIndex = 0; path = BabyLearning.app; sourceTree = BUILT_PRODUCTS_DIR; };
		44135CF61FA34E8700F77A8F /* AppDelegate.h */ = {isa = PBXFileReference; lastKnownFileType = sourcecode.c.h; path = AppDelegate.h; sourceTree = "<group>"; };
		44135CF71FA34E8700F77A8F /* AppDelegate.m */ = {isa = PBXFileReference; lastKnownFileType = sourcecode.c.objc; path = AppDelegate.m; sourceTree = "<group>"; };
		44135CFD1FA34E8800F77A8F /* Base */ = {isa = PBXFileReference; lastKnownFileType = file.storyboard; name = Base; path = Base.lproj/Main.storyboard; sourceTree = "<group>"; };
		44135CFF1FA34E8800F77A8F /* Assets.xcassets */ = {isa = PBXFileReference; lastKnownFileType = folder.assetcatalog; path = Assets.xcassets; sourceTree = "<group>"; };
		44135D021FA34E8800F77A8F /* Base */ = {isa = PBXFileReference; lastKnownFileType = file.storyboard; name = Base; path = Base.lproj/LaunchScreen.storyboard; sourceTree = "<group>"; };
		44135D041FA34E8800F77A8F /* Info.plist */ = {isa = PBXFileReference; lastKnownFileType = text.plist.xml; path = Info.plist; sourceTree = "<group>"; };
		44135D051FA34E8800F77A8F /* main.m */ = {isa = PBXFileReference; lastKnownFileType = sourcecode.c.objc; path = main.m; sourceTree = "<group>"; };
		44135D131FA34FFC00F77A8F /* UIImage+Utils.m */ = {isa = PBXFileReference; fileEncoding = 4; lastKnownFileType = sourcecode.c.objc; path = "UIImage+Utils.m"; sourceTree = "<group>"; };
		44135D141FA34FFC00F77A8F /* UIImage+Utils.h */ = {isa = PBXFileReference; fileEncoding = 4; lastKnownFileType = sourcecode.c.h; path = "UIImage+Utils.h"; sourceTree = "<group>"; };
		44135D191FA3523500F77A8F /* KEBaseViewController.h */ = {isa = PBXFileReference; lastKnownFileType = sourcecode.c.h; path = KEBaseViewController.h; sourceTree = "<group>"; };
		44135D1A1FA3523500F77A8F /* KEBaseViewController.m */ = {isa = PBXFileReference; lastKnownFileType = sourcecode.c.objc; path = KEBaseViewController.m; sourceTree = "<group>"; };
		44135D1C1FA3537200F77A8F /* KENavigationController.h */ = {isa = PBXFileReference; lastKnownFileType = sourcecode.c.h; path = KENavigationController.h; sourceTree = "<group>"; };
		44135D1D1FA3537200F77A8F /* KENavigationController.m */ = {isa = PBXFileReference; lastKnownFileType = sourcecode.c.objc; path = KENavigationController.m; sourceTree = "<group>"; };
		44135D201FA3557B00F77A8F /* KEMainViewController.h */ = {isa = PBXFileReference; lastKnownFileType = sourcecode.c.h; path = KEMainViewController.h; sourceTree = "<group>"; };
		44135D211FA3557B00F77A8F /* KEMainViewController.m */ = {isa = PBXFileReference; lastKnownFileType = sourcecode.c.objc; path = KEMainViewController.m; sourceTree = "<group>"; };
		44135D231FA357A100F77A8F /* KETestView.h */ = {isa = PBXFileReference; lastKnownFileType = sourcecode.c.h; path = KETestView.h; sourceTree = "<group>"; };
		44135D241FA357A100F77A8F /* KETestView.m */ = {isa = PBXFileReference; lastKnownFileType = sourcecode.c.objc; path = KETestView.m; sourceTree = "<group>"; };
		9989925A0299163DD0CF8F54 /* Pods-BabyLearning.release.xcconfig */ = {isa = PBXFileReference; includeInIndex = 1; lastKnownFileType = text.xcconfig; name = "Pods-BabyLearning.release.xcconfig"; path = "Pods/Target Support Files/Pods-BabyLearning/Pods-BabyLearning.release.xcconfig"; sourceTree = "<group>"; };
		E845B9381FA40EEE0007DEE1 /* MobileNet.mlmodel */ = {isa = PBXFileReference; lastKnownFileType = file.mlmodel; path = MobileNet.mlmodel; sourceTree = "<group>"; };
		E845B9391FA40EEE0007DEE1 /* GoogLeNetPlaces.mlmodel */ = {isa = PBXFileReference; lastKnownFileType = file.mlmodel; path = GoogLeNetPlaces.mlmodel; sourceTree = "<group>"; };
		E845B93A1FA40EEE0007DEE1 /* Inceptionv3.mlmodel */ = {isa = PBXFileReference; lastKnownFileType = file.mlmodel; path = Inceptionv3.mlmodel; sourceTree = "<group>"; };
/* End PBXFileReference section */

/* Begin PBXFrameworksBuildPhase section */
		44135CF01FA34E8700F77A8F /* Frameworks */ = {
			isa = PBXFrameworksBuildPhase;
			buildActionMask = 2147483647;
			files = (
				045068147F88885EF60EB7EA /* libPods-BabyLearning.a in Frameworks */,
			);
			runOnlyForDeploymentPostprocessing = 0;
		};
/* End PBXFrameworksBuildPhase section */

/* Begin PBXGroup section */
		44135CEA1FA34E8700F77A8F = {
			isa = PBXGroup;
			children = (
				44135CF51FA34E8700F77A8F /* BabyLearning */,
				44135CF41FA34E8700F77A8F /* Products */,
				735DCC7F0A6E4A5550A2232B /* Pods */,
				B821F1D9A5C06DA952252174 /* Frameworks */,
			);
			sourceTree = "<group>";
		};
		44135CF41FA34E8700F77A8F /* Products */ = {
			isa = PBXGroup;
			children = (
				44135CF31FA34E8700F77A8F /* BabyLearning.app */,
			);
			name = Products;
			sourceTree = "<group>";
		};
		44135CF51FA34E8700F77A8F /* BabyLearning */ = {
			isa = PBXGroup;
			children = (
				E845B9371FA40EE10007DEE1 /* CoreMLModels */,
				44135D111FA34FCC00F77A8F /* Common */,
				44135D1F1FA3554600F77A8F /* Business */,
				44135CF61FA34E8700F77A8F /* AppDelegate.h */,
				44135CF71FA34E8700F77A8F /* AppDelegate.m */,
				44135CFC1FA34E8800F77A8F /* Main.storyboard */,
				44135CFF1FA34E8800F77A8F /* Assets.xcassets */,
				44135D011FA34E8800F77A8F /* LaunchScreen.storyboard */,
				44135D041FA34E8800F77A8F /* Info.plist */,
				44135D051FA34E8800F77A8F /* main.m */,
			);
			path = BabyLearning;
			sourceTree = "<group>";
		};
		44135D111FA34FCC00F77A8F /* Common */ = {
			isa = PBXGroup;
			children = (
				44135D181FA3521600F77A8F /* ViewController */,
				44135D121FA34FED00F77A8F /* Category */,
			);
			path = Common;
			sourceTree = "<group>";
		};
		44135D121FA34FED00F77A8F /* Category */ = {
			isa = PBXGroup;
			children = (
				44135D141FA34FFC00F77A8F /* UIImage+Utils.h */,
				44135D131FA34FFC00F77A8F /* UIImage+Utils.m */,
			);
			path = Category;
			sourceTree = "<group>";
		};
		44135D161FA351EE00F77A8F /* ViewController */ = {
			isa = PBXGroup;
			children = (
				44135D201FA3557B00F77A8F /* KEMainViewController.h */,
				44135D211FA3557B00F77A8F /* KEMainViewController.m */,
			);
			path = ViewController;
			sourceTree = "<group>";
		};
		44135D171FA3520800F77A8F /* View */ = {
			isa = PBXGroup;
			children = (
				44135D231FA357A100F77A8F /* KETestView.h */,
				44135D241FA357A100F77A8F /* KETestView.m */,
			);
			path = View;
			sourceTree = "<group>";
		};
		44135D181FA3521600F77A8F /* ViewController */ = {
			isa = PBXGroup;
			children = (
				44135D1C1FA3537200F77A8F /* KENavigationController.h */,
				44135D1D1FA3537200F77A8F /* KENavigationController.m */,
				44135D191FA3523500F77A8F /* KEBaseViewController.h */,
				44135D1A1FA3523500F77A8F /* KEBaseViewController.m */,
			);
			path = ViewController;
			sourceTree = "<group>";
		};
		44135D1F1FA3554600F77A8F /* Business */ = {
			isa = PBXGroup;
			children = (
				44135D161FA351EE00F77A8F /* ViewController */,
				44135D171FA3520800F77A8F /* View */,
			);
			path = Business;
			sourceTree = "<group>";
		};
		735DCC7F0A6E4A5550A2232B /* Pods */ = {
			isa = PBXGroup;
			children = (
				1561079F0D3A7A905292ADE5 /* Pods-BabyLearning.debug.xcconfig */,
				9989925A0299163DD0CF8F54 /* Pods-BabyLearning.release.xcconfig */,
			);
			name = Pods;
			sourceTree = "<group>";
		};
		B821F1D9A5C06DA952252174 /* Frameworks */ = {
			isa = PBXGroup;
			children = (
				39C16FDB5EE5E8DBF38271D5 /* libPods-BabyLearning.a */,
			);
			name = Frameworks;
			sourceTree = "<group>";
		};
		E845B9371FA40EE10007DEE1 /* CoreMLModels */ = {
			isa = PBXGroup;
			children = (
				E845B9391FA40EEE0007DEE1 /* GoogLeNetPlaces.mlmodel */,
				E845B93A1FA40EEE0007DEE1 /* Inceptionv3.mlmodel */,
				E845B9381FA40EEE0007DEE1 /* MobileNet.mlmodel */,
			);
			name = CoreMLModels;
			sourceTree = "<group>";
		};
/* End PBXGroup section */

/* Begin PBXNativeTarget section */
		44135CF21FA34E8700F77A8F /* BabyLearning */ = {
			isa = PBXNativeTarget;
			buildConfigurationList = 44135D091FA34E8800F77A8F /* Build configuration list for PBXNativeTarget "BabyLearning" */;
			buildPhases = (
				6A391917ABA66F084A143179 /* [CP] Check Pods Manifest.lock */,
				44135CEF1FA34E8700F77A8F /* Sources */,
				44135CF01FA34E8700F77A8F /* Frameworks */,
				44135CF11FA34E8700F77A8F /* Resources */,
				7EB410E71E19E32010AEE0A9 /* [CP] Embed Pods Frameworks */,
				45074C71BFDBD0ECA347656B /* [CP] Copy Pods Resources */,
			);
			buildRules = (
			);
			dependencies = (
			);
			name = BabyLearning;
			productName = BabyLearning;
			productReference = 44135CF31FA34E8700F77A8F /* BabyLearning.app */;
			productType = "com.apple.product-type.application";
		};
/* End PBXNativeTarget section */

/* Begin PBXProject section */
		44135CEB1FA34E8700F77A8F /* Project object */ = {
			isa = PBXProject;
			attributes = {
				CLASSPREFIX = KE;
				LastUpgradeCheck = 0910;
				ORGANIZATIONNAME = fk;
				TargetAttributes = {
					44135CF21FA34E8700F77A8F = {
						CreatedOnToolsVersion = 9.1;
						ProvisioningStyle = Automatic;
					};
				};
			};
			buildConfigurationList = 44135CEE1FA34E8700F77A8F /* Build configuration list for PBXProject "BabyLearning" */;
			compatibilityVersion = "Xcode 8.0";
			developmentRegion = en;
			hasScannedForEncodings = 0;
			knownRegions = (
				en,
				Base,
			);
			mainGroup = 44135CEA1FA34E8700F77A8F;
			productRefGroup = 44135CF41FA34E8700F77A8F /* Products */;
			projectDirPath = "";
			projectRoot = "";
			targets = (
				44135CF21FA34E8700F77A8F /* BabyLearning */,
			);
		};
/* End PBXProject section */

/* Begin PBXResourcesBuildPhase section */
		44135CF11FA34E8700F77A8F /* Resources */ = {
			isa = PBXResourcesBuildPhase;
			buildActionMask = 2147483647;
			files = (
				44135D031FA34E8800F77A8F /* LaunchScreen.storyboard in Resources */,
				44135D001FA34E8800F77A8F /* Assets.xcassets in Resources */,
				44135CFE1FA34E8800F77A8F /* Main.storyboard in Resources */,
			);
			runOnlyForDeploymentPostprocessing = 0;
		};
/* End PBXResourcesBuildPhase section */

/* Begin PBXShellScriptBuildPhase section */
		45074C71BFDBD0ECA347656B /* [CP] Copy Pods Resources */ = {
			isa = PBXShellScriptBuildPhase;
			buildActionMask = 2147483647;
			files = (
			);
			inputPaths = (
			);
			name = "[CP] Copy Pods Resources";
			outputPaths = (
			);
			runOnlyForDeploymentPostprocessing = 0;
			shellPath = /bin/sh;
			shellScript = "\"${SRCROOT}/Pods/Target Support Files/Pods-BabyLearning/Pods-BabyLearning-resources.sh\"\n";
			showEnvVarsInLog = 0;
		};
		6A391917ABA66F084A143179 /* [CP] Check Pods Manifest.lock */ = {
			isa = PBXShellScriptBuildPhase;
			buildActionMask = 2147483647;
			files = (
			);
			inputPaths = (
			);
			name = "[CP] Check Pods Manifest.lock";
			outputPaths = (
			);
			runOnlyForDeploymentPostprocessing = 0;
			shellPath = /bin/sh;
			shellScript = "diff \"${PODS_ROOT}/../Podfile.lock\" \"${PODS_ROOT}/Manifest.lock\" > /dev/null\nif [ $? != 0 ] ; then\n    # print error to STDERR\n    echo \"error: The sandbox is not in sync with the Podfile.lock. Run 'pod install' or update your CocoaPods installation.\" >&2\n    exit 1\nfi\n";
			showEnvVarsInLog = 0;
		};
		7EB410E71E19E32010AEE0A9 /* [CP] Embed Pods Frameworks */ = {
			isa = PBXShellScriptBuildPhase;
			buildActionMask = 2147483647;
			files = (
			);
			inputPaths = (
			);
			name = "[CP] Embed Pods Frameworks";
			outputPaths = (
			);
			runOnlyForDeploymentPostprocessing = 0;
			shellPath = /bin/sh;
			shellScript = "\"${SRCROOT}/Pods/Target Support Files/Pods-BabyLearning/Pods-BabyLearning-frameworks.sh\"\n";
			showEnvVarsInLog = 0;
		};
/* End PBXShellScriptBuildPhase section */

/* Begin PBXSourcesBuildPhase section */
		44135CEF1FA34E8700F77A8F /* Sources */ = {
			isa = PBXSourcesBuildPhase;
			buildActionMask = 2147483647;
			files = (
				E845B93B1FA40EEE0007DEE1 /* MobileNet.mlmodel in Sources */,
				44135D251FA357A100F77A8F /* KETestView.m in Sources */,
				E845B93C1FA40EEE0007DEE1 /* GoogLeNetPlaces.mlmodel in Sources */,
				44135D1B1FA3523500F77A8F /* KEBaseViewController.m in Sources */,
				44135D221FA3557B00F77A8F /* KEMainViewController.m in Sources */,
				E845B93D1FA40EEE0007DEE1 /* Inceptionv3.mlmodel in Sources */,
				44135D151FA34FFC00F77A8F /* UIImage+Utils.m in Sources */,
				44135D061FA34E8800F77A8F /* main.m in Sources */,
				44135D1E1FA3537200F77A8F /* KENavigationController.m in Sources */,
				44135CF81FA34E8700F77A8F /* AppDelegate.m in Sources */,
			);
			runOnlyForDeploymentPostprocessing = 0;
		};
/* End PBXSourcesBuildPhase section */

/* Begin PBXVariantGroup section */
		44135CFC1FA34E8800F77A8F /* Main.storyboard */ = {
			isa = PBXVariantGroup;
			children = (
				44135CFD1FA34E8800F77A8F /* Base */,
			);
			name = Main.storyboard;
			sourceTree = "<group>";
		};
		44135D011FA34E8800F77A8F /* LaunchScreen.storyboard */ = {
			isa = PBXVariantGroup;
			children = (
				44135D021FA34E8800F77A8F /* Base */,
			);
			name = LaunchScreen.storyboard;
			sourceTree = "<group>";
		};
/* End PBXVariantGroup section */

/* Begin XCBuildConfiguration section */
		44135D071FA34E8800F77A8F /* Debug */ = {
			isa = XCBuildConfiguration;
			buildSettings = {
				ALWAYS_SEARCH_USER_PATHS = NO;
				CLANG_ANALYZER_NONNULL = YES;
				CLANG_ANALYZER_NUMBER_OBJECT_CONVERSION = YES_AGGRESSIVE;
				CLANG_CXX_LANGUAGE_STANDARD = "gnu++14";
				CLANG_CXX_LIBRARY = "libc++";
				CLANG_ENABLE_MODULES = YES;
				CLANG_ENABLE_OBJC_ARC = YES;
				CLANG_WARN_BLOCK_CAPTURE_AUTORELEASING = YES;
				CLANG_WARN_BOOL_CONVERSION = YES;
				CLANG_WARN_COMMA = YES;
				CLANG_WARN_CONSTANT_CONVERSION = YES;
				CLANG_WARN_DIRECT_OBJC_ISA_USAGE = YES_ERROR;
				CLANG_WARN_DOCUMENTATION_COMMENTS = YES;
				CLANG_WARN_EMPTY_BODY = YES;
				CLANG_WARN_ENUM_CONVERSION = YES;
				CLANG_WARN_INFINITE_RECURSION = YES;
				CLANG_WARN_INT_CONVERSION = YES;
				CLANG_WARN_NON_LITERAL_NULL_CONVERSION = YES;
				CLANG_WARN_OBJC_LITERAL_CONVERSION = YES;
				CLANG_WARN_OBJC_ROOT_CLASS = YES_ERROR;
				CLANG_WARN_RANGE_LOOP_ANALYSIS = YES;
				CLANG_WARN_STRICT_PROTOTYPES = YES;
				CLANG_WARN_SUSPICIOUS_MOVE = YES;
				CLANG_WARN_UNGUARDED_AVAILABILITY = YES_AGGRESSIVE;
				CLANG_WARN_UNREACHABLE_CODE = YES;
				CLANG_WARN__DUPLICATE_METHOD_MATCH = YES;
				CODE_SIGN_IDENTITY = "iPhone Developer";
				COPY_PHASE_STRIP = NO;
				DEBUG_INFORMATION_FORMAT = dwarf;
				ENABLE_STRICT_OBJC_MSGSEND = YES;
				ENABLE_TESTABILITY = YES;
				GCC_C_LANGUAGE_STANDARD = gnu11;
				GCC_DYNAMIC_NO_PIC = NO;
				GCC_NO_COMMON_BLOCKS = YES;
				GCC_OPTIMIZATION_LEVEL = 0;
				GCC_PREPROCESSOR_DEFINITIONS = (
					"DEBUG=1",
					"$(inherited)",
				);
				GCC_WARN_64_TO_32_BIT_CONVERSION = YES;
				GCC_WARN_ABOUT_RETURN_TYPE = YES_ERROR;
				GCC_WARN_UNDECLARED_SELECTOR = YES;
				GCC_WARN_UNINITIALIZED_AUTOS = YES_AGGRESSIVE;
				GCC_WARN_UNUSED_FUNCTION = YES;
				GCC_WARN_UNUSED_VARIABLE = YES;
				IPHONEOS_DEPLOYMENT_TARGET = 11.0;
				MTL_ENABLE_DEBUG_INFO = YES;
				ONLY_ACTIVE_ARCH = YES;
				SDKROOT = iphoneos;
			};
			name = Debug;
		};
		44135D081FA34E8800F77A8F /* Release */ = {
			isa = XCBuildConfiguration;
			buildSettings = {
				ALWAYS_SEARCH_USER_PATHS = NO;
				CLANG_ANALYZER_NONNULL = YES;
				CLANG_ANALYZER_NUMBER_OBJECT_CONVERSION = YES_AGGRESSIVE;
				CLANG_CXX_LANGUAGE_STANDARD = "gnu++14";
				CLANG_CXX_LIBRARY = "libc++";
				CLANG_ENABLE_MODULES = YES;
				CLANG_ENABLE_OBJC_ARC = YES;
				CLANG_WARN_BLOCK_CAPTURE_AUTORELEASING = YES;
				CLANG_WARN_BOOL_CONVERSION = YES;
				CLANG_WARN_COMMA = YES;
				CLANG_WARN_CONSTANT_CONVERSION = YES;
				CLANG_WARN_DIRECT_OBJC_ISA_USAGE = YES_ERROR;
				CLANG_WARN_DOCUMENTATION_COMMENTS = YES;
				CLANG_WARN_EMPTY_BODY = YES;
				CLANG_WARN_ENUM_CONVERSION = YES;
				CLANG_WARN_INFINITE_RECURSION = YES;
				CLANG_WARN_INT_CONVERSION = YES;
				CLANG_WARN_NON_LITERAL_NULL_CONVERSION = YES;
				CLANG_WARN_OBJC_LITERAL_CONVERSION = YES;
				CLANG_WARN_OBJC_ROOT_CLASS = YES_ERROR;
				CLANG_WARN_RANGE_LOOP_ANALYSIS = YES;
				CLANG_WARN_STRICT_PROTOTYPES = YES;
				CLANG_WARN_SUSPICIOUS_MOVE = YES;
				CLANG_WARN_UNGUARDED_AVAILABILITY = YES_AGGRESSIVE;
				CLANG_WARN_UNREACHABLE_CODE = YES;
				CLANG_WARN__DUPLICATE_METHOD_MATCH = YES;
				CODE_SIGN_IDENTITY = "iPhone Developer";
				COPY_PHASE_STRIP = NO;
				DEBUG_INFORMATION_FORMAT = "dwarf-with-dsym";
				ENABLE_NS_ASSERTIONS = NO;
				ENABLE_STRICT_OBJC_MSGSEND = YES;
				GCC_C_LANGUAGE_STANDARD = gnu11;
				GCC_NO_COMMON_BLOCKS = YES;
				GCC_WARN_64_TO_32_BIT_CONVERSION = YES;
				GCC_WARN_ABOUT_RETURN_TYPE = YES_ERROR;
				GCC_WARN_UNDECLARED_SELECTOR = YES;
				GCC_WARN_UNINITIALIZED_AUTOS = YES_AGGRESSIVE;
				GCC_WARN_UNUSED_FUNCTION = YES;
				GCC_WARN_UNUSED_VARIABLE = YES;
				IPHONEOS_DEPLOYMENT_TARGET = 11.0;
				MTL_ENABLE_DEBUG_INFO = NO;
				SDKROOT = iphoneos;
				VALIDATE_PRODUCT = YES;
			};
			name = Release;
		};
		44135D0A1FA34E8800F77A8F /* Debug */ = {
			isa = XCBuildConfiguration;
			baseConfigurationReference = 1561079F0D3A7A905292ADE5 /* Pods-BabyLearning.debug.xcconfig */;
			buildSettings = {
				ASSETCATALOG_COMPILER_APPICON_NAME = AppIcon;
				CODE_SIGN_STYLE = Automatic;
				DEVELOPMENT_TEAM = JC5ZKJT82S;
				INFOPLIST_FILE = BabyLearning/Info.plist;
				IPHONEOS_DEPLOYMENT_TARGET = 11.0;
				LD_RUNPATH_SEARCH_PATHS = "$(inherited) @executable_path/Frameworks";
				PRODUCT_BUNDLE_IDENTIFIER = FK.BabyLearning;
				PRODUCT_NAME = "$(TARGET_NAME)";
				TARGETED_DEVICE_FAMILY = "1,2";
			};
			name = Debug;
		};
		44135D0B1FA34E8800F77A8F /* Release */ = {
			isa = XCBuildConfiguration;
			baseConfigurationReference = 9989925A0299163DD0CF8F54 /* Pods-BabyLearning.release.xcconfig */;
			buildSettings = {
				ASSETCATALOG_COMPILER_APPICON_NAME = AppIcon;
				CODE_SIGN_STYLE = Automatic;
				DEVELOPMENT_TEAM = JC5ZKJT82S;
				INFOPLIST_FILE = BabyLearning/Info.plist;
				IPHONEOS_DEPLOYMENT_TARGET = 11.0;
				LD_RUNPATH_SEARCH_PATHS = "$(inherited) @executable_path/Frameworks";
				PRODUCT_BUNDLE_IDENTIFIER = FK.BabyLearning;
				PRODUCT_NAME = "$(TARGET_NAME)";
				TARGETED_DEVICE_FAMILY = "1,2";
			};
			name = Release;
		};
/* End XCBuildConfiguration section */

/* Begin XCConfigurationList section */
		44135CEE1FA34E8700F77A8F /* Build configuration list for PBXProject "BabyLearning" */ = {
			isa = XCConfigurationList;
			buildConfigurations = (
				44135D071FA34E8800F77A8F /* Debug */,
				44135D081FA34E8800F77A8F /* Release */,
			);
			defaultConfigurationIsVisible = 0;
			defaultConfigurationName = Release;
		};
		44135D091FA34E8800F77A8F /* Build configuration list for PBXNativeTarget "BabyLearning" */ = {
			isa = XCConfigurationList;
			buildConfigurations = (
				44135D0A1FA34E8800F77A8F /* Debug */,
				44135D0B1FA34E8800F77A8F /* Release */,
			);
			defaultConfigurationIsVisible = 0;
			defaultConfigurationName = Release;
		};
/* End XCConfigurationList section */
	};
	rootObject = 44135CEB1FA34E8700F77A8F /* Project object */;
}
